// !$*UTF8*$!
{
	archiveVersion = 1;
	classes = {
	};
	objectVersion = 56;
	objects = {

/* Begin PBXBuildFile section */
		123434372C6EAF86000C665C /* FetchApp.swift in Sources */ = {isa = PBXBuildFile; fileRef = 123434362C6EAF86000C665C /* FetchApp.swift */; };
		123434392C6EAF86000C665C /* DessertListView.swift in Sources */ = {isa = PBXBuildFile; fileRef = 123434382C6EAF86000C665C /* DessertListView.swift */; };
		1234343B2C6EAF88000C665C /* Assets.xcassets in Resources */ = {isa = PBXBuildFile; fileRef = 1234343A2C6EAF88000C665C /* Assets.xcassets */; };
		1234343E2C6EAF88000C665C /* Preview Assets.xcassets in Resources */ = {isa = PBXBuildFile; fileRef = 1234343D2C6EAF88000C665C /* Preview Assets.xcassets */; };
		123434482C6EAF88000C665C /* FetchTests.swift in Sources */ = {isa = PBXBuildFile; fileRef = 123434472C6EAF88000C665C /* FetchTests.swift */; };
		123434522C6EAF88000C665C /* FetchUITests.swift in Sources */ = {isa = PBXBuildFile; fileRef = 123434512C6EAF88000C665C /* FetchUITests.swift */; };
		123434542C6EAF88000C665C /* FetchUITestsLaunchTests.swift in Sources */ = {isa = PBXBuildFile; fileRef = 123434532C6EAF88000C665C /* FetchUITestsLaunchTests.swift */; };
		123434612C6EAFCF000C665C /* Meal.swift in Sources */ = {isa = PBXBuildFile; fileRef = 123434602C6EAFCF000C665C /* Meal.swift */; };
		123434632C6EB07D000C665C /* MealDetail.swift in Sources */ = {isa = PBXBuildFile; fileRef = 123434622C6EB07D000C665C /* MealDetail.swift */; };
		123434652C6EB0EA000C665C /* DessertViewModel.swift in Sources */ = {isa = PBXBuildFile; fileRef = 123434642C6EB0EA000C665C /* DessertViewModel.swift */; };
		123434672C6EB12F000C665C /* DessertDetailView.swift in Sources */ = {isa = PBXBuildFile; fileRef = 123434662C6EB12F000C665C /* DessertDetailView.swift */; };
/* End PBXBuildFile section */

/* Begin PBXContainerItemProxy section */
		123434442C6EAF88000C665C /* PBXContainerItemProxy */ = {
			isa = PBXContainerItemProxy;
			containerPortal = 1234342B2C6EAF86000C665C /* Project object */;
			proxyType = 1;
			remoteGlobalIDString = 123434322C6EAF86000C665C;
			remoteInfo = Fetch;
		};
		1234344E2C6EAF88000C665C /* PBXContainerItemProxy */ = {
			isa = PBXContainerItemProxy;
			containerPortal = 1234342B2C6EAF86000C665C /* Project object */;
			proxyType = 1;
			remoteGlobalIDString = 123434322C6EAF86000C665C;
			remoteInfo = Fetch;
		};
/* End PBXContainerItemProxy section */

/* Begin PBXFileReference section */
		123434332C6EAF86000C665C /* Fetch.app */ = {isa = PBXFileReference; explicitFileType = wrapper.application; includeInIndex = 0; path = Fetch.app; sourceTree = BUILT_PRODUCTS_DIR; };
		123434362C6EAF86000C665C /* FetchApp.swift */ = {isa = PBXFileReference; lastKnownFileType = sourcecode.swift; path = FetchApp.swift; sourceTree = "<group>"; };
		123434382C6EAF86000C665C /* DessertListView.swift */ = {isa = PBXFileReference; lastKnownFileType = sourcecode.swift; path = DessertListView.swift; sourceTree = "<group>"; };
		1234343A2C6EAF88000C665C /* Assets.xcassets */ = {isa = PBXFileReference; lastKnownFileType = folder.assetcatalog; path = Assets.xcassets; sourceTree = "<group>"; };
		1234343D2C6EAF88000C665C /* Preview Assets.xcassets */ = {isa = PBXFileReference; lastKnownFileType = folder.assetcatalog; path = "Preview Assets.xcassets"; sourceTree = "<group>"; };
		123434432C6EAF88000C665C /* FetchTests.xctest */ = {isa = PBXFileReference; explicitFileType = wrapper.cfbundle; includeInIndex = 0; path = FetchTests.xctest; sourceTree = BUILT_PRODUCTS_DIR; };
		123434472C6EAF88000C665C /* FetchTests.swift */ = {isa = PBXFileReference; lastKnownFileType = sourcecode.swift; path = FetchTests.swift; sourceTree = "<group>"; };
		1234344D2C6EAF88000C665C /* FetchUITests.xctest */ = {isa = PBXFileReference; explicitFileType = wrapper.cfbundle; includeInIndex = 0; path = FetchUITests.xctest; sourceTree = BUILT_PRODUCTS_DIR; };
		123434512C6EAF88000C665C /* FetchUITests.swift */ = {isa = PBXFileReference; lastKnownFileType = sourcecode.swift; path = FetchUITests.swift; sourceTree = "<group>"; };
		123434532C6EAF88000C665C /* FetchUITestsLaunchTests.swift */ = {isa = PBXFileReference; lastKnownFileType = sourcecode.swift; path = FetchUITestsLaunchTests.swift; sourceTree = "<group>"; };
		123434602C6EAFCF000C665C /* Meal.swift */ = {isa = PBXFileReference; lastKnownFileType = sourcecode.swift; path = Meal.swift; sourceTree = "<group>"; };
		123434622C6EB07D000C665C /* MealDetail.swift */ = {isa = PBXFileReference; lastKnownFileType = sourcecode.swift; path = MealDetail.swift; sourceTree = "<group>"; };
		123434642C6EB0EA000C665C /* DessertViewModel.swift */ = {isa = PBXFileReference; lastKnownFileType = sourcecode.swift; path = DessertViewModel.swift; sourceTree = "<group>"; };
		123434662C6EB12F000C665C /* DessertDetailView.swift */ = {isa = PBXFileReference; lastKnownFileType = sourcecode.swift; path = DessertDetailView.swift; sourceTree = "<group>"; };
/* End PBXFileReference section */

/* Begin PBXFrameworksBuildPhase section */
		123434302C6EAF86000C665C /* Frameworks */ = {
			isa = PBXFrameworksBuildPhase;
			buildActionMask = 2147483647;
			files = (
			);
			runOnlyForDeploymentPostprocessing = 0;
		};
		123434402C6EAF88000C665C /* Frameworks */ = {
			isa = PBXFrameworksBuildPhase;
			buildActionMask = 2147483647;
			files = (
			);
			runOnlyForDeploymentPostprocessing = 0;
		};
		1234344A2C6EAF88000C665C /* Frameworks */ = {
			isa = PBXFrameworksBuildPhase;
			buildActionMask = 2147483647;
			files = (
			);
			runOnlyForDeploymentPostprocessing = 0;
		};
/* End PBXFrameworksBuildPhase section */

/* Begin PBXGroup section */
		1234342A2C6EAF86000C665C = {
			isa = PBXGroup;
			children = (
				123434352C6EAF86000C665C /* Fetch */,
				123434462C6EAF88000C665C /* FetchTests */,
				123434502C6EAF88000C665C /* FetchUITests */,
				123434342C6EAF86000C665C /* Products */,
			);
			sourceTree = "<group>";
		};
		123434342C6EAF86000C665C /* Products */ = {
			isa = PBXGroup;
			children = (
				123434332C6EAF86000C665C /* Fetch.app */,
				123434432C6EAF88000C665C /* FetchTests.xctest */,
				1234344D2C6EAF88000C665C /* FetchUITests.xctest */,
			);
			name = Products;
			sourceTree = "<group>";
		};
		123434352C6EAF86000C665C /* Fetch */ = {
			isa = PBXGroup;
			children = (
				123434362C6EAF86000C665C /* FetchApp.swift */,
				1234346E2C6EB73B000C665C /* Models */,
				1234346D2C6EB714000C665C /* ViewModels */,
				1234346C2C6EB6F4000C665C /* Views */,
				1234343A2C6EAF88000C665C /* Assets.xcassets */,
				1234343C2C6EAF88000C665C /* Preview Content */,
			);
			path = Fetch;
			sourceTree = "<group>";
		};
		1234343C2C6EAF88000C665C /* Preview Content */ = {
			isa = PBXGroup;
			children = (
				1234343D2C6EAF88000C665C /* Preview Assets.xcassets */,
			);
			path = "Preview Content";
			sourceTree = "<group>";
		};
		123434462C6EAF88000C665C /* FetchTests */ = {
			isa = PBXGroup;
			children = (
				123434472C6EAF88000C665C /* FetchTests.swift */,
			);
			path = FetchTests;
			sourceTree = "<group>";
		};
		123434502C6EAF88000C665C /* FetchUITests */ = {
			isa = PBXGroup;
			children = (
				123434512C6EAF88000C665C /* FetchUITests.swift */,
				123434532C6EAF88000C665C /* FetchUITestsLaunchTests.swift */,
			);
			path = FetchUITests;
			sourceTree = "<group>";
		};
		1234346C2C6EB6F4000C665C /* Views */ = {
			isa = PBXGroup;
			children = (
				123434382C6EAF86000C665C /* DessertListView.swift */,
				123434662C6EB12F000C665C /* DessertDetailView.swift */,
			);
			path = Views;
			sourceTree = "<group>";
		};
		1234346D2C6EB714000C665C /* ViewModels */ = {
			isa = PBXGroup;
			children = (
				123434642C6EB0EA000C665C /* DessertViewModel.swift */,
			);
			path = ViewModels;
			sourceTree = "<group>";
		};
		1234346E2C6EB73B000C665C /* Models */ = {
			isa = PBXGroup;
			children = (
				123434602C6EAFCF000C665C /* Meal.swift */,
				123434622C6EB07D000C665C /* MealDetail.swift */,
			);
			path = Models;
			sourceTree = "<group>";
		};
/* End PBXGroup section */

/* Begin PBXNativeTarget section */
		123434322C6EAF86000C665C /* Fetch */ = {
			isa = PBXNativeTarget;
			buildConfigurationList = 123434572C6EAF88000C665C /* Build configuration list for PBXNativeTarget "Fetch" */;
			buildPhases = (
				1234342F2C6EAF86000C665C /* Sources */,
				123434302C6EAF86000C665C /* Frameworks */,
				123434312C6EAF86000C665C /* Resources */,
			);
			buildRules = (
			);
			dependencies = (
			);
			name = Fetch;
			productName = Fetch;
			productReference = 123434332C6EAF86000C665C /* Fetch.app */;
			productType = "com.apple.product-type.application";
		};
		123434422C6EAF88000C665C /* FetchTests */ = {
			isa = PBXNativeTarget;
			buildConfigurationList = 1234345A2C6EAF88000C665C /* Build configuration list for PBXNativeTarget "FetchTests" */;
			buildPhases = (
				1234343F2C6EAF88000C665C /* Sources */,
				123434402C6EAF88000C665C /* Frameworks */,
				123434412C6EAF88000C665C /* Resources */,
			);
			buildRules = (
			);
			dependencies = (
				123434452C6EAF88000C665C /* PBXTargetDependency */,
			);
			name = FetchTests;
			productName = FetchTests;
			productReference = 123434432C6EAF88000C665C /* FetchTests.xctest */;
			productType = "com.apple.product-type.bundle.unit-test";
		};
		1234344C2C6EAF88000C665C /* FetchUITests */ = {
			isa = PBXNativeTarget;
			buildConfigurationList = 1234345D2C6EAF88000C665C /* Build configuration list for PBXNativeTarget "FetchUITests" */;
			buildPhases = (
				123434492C6EAF88000C665C /* Sources */,
				1234344A2C6EAF88000C665C /* Frameworks */,
				1234344B2C6EAF88000C665C /* Resources */,
			);
			buildRules = (
			);
			dependencies = (
				1234344F2C6EAF88000C665C /* PBXTargetDependency */,
			);
			name = FetchUITests;
			productName = FetchUITests;
			productReference = 1234344D2C6EAF88000C665C /* FetchUITests.xctest */;
			productType = "com.apple.product-type.bundle.ui-testing";
		};
/* End PBXNativeTarget section */

/* Begin PBXProject section */
		1234342B2C6EAF86000C665C /* Project object */ = {
			isa = PBXProject;
			attributes = {
				BuildIndependentTargetsInParallel = 1;
				LastSwiftUpdateCheck = 1540;
				LastUpgradeCheck = 1540;
				TargetAttributes = {
					123434322C6EAF86000C665C = {
						CreatedOnToolsVersion = 15.4;
					};
					123434422C6EAF88000C665C = {
						CreatedOnToolsVersion = 15.4;
						TestTargetID = 123434322C6EAF86000C665C;
					};
					1234344C2C6EAF88000C665C = {
						CreatedOnToolsVersion = 15.4;
						TestTargetID = 123434322C6EAF86000C665C;
					};
				};
			};
			buildConfigurationList = 1234342E2C6EAF86000C665C /* Build configuration list for PBXProject "Fetch" */;
			compatibilityVersion = "Xcode 14.0";
			developmentRegion = en;
			hasScannedForEncodings = 0;
			knownRegions = (
				en,
				Base,
			);
			mainGroup = 1234342A2C6EAF86000C665C;
			productRefGroup = 123434342C6EAF86000C665C /* Products */;
			projectDirPath = "";
			projectRoot = "";
			targets = (
				123434322C6EAF86000C665C /* Fetch */,
				123434422C6EAF88000C665C /* FetchTests */,
				1234344C2C6EAF88000C665C /* FetchUITests */,
			);
		};
/* End PBXProject section */

/* Begin PBXResourcesBuildPhase section */
		123434312C6EAF86000C665C /* Resources */ = {
			isa = PBXResourcesBuildPhase;
			buildActionMask = 2147483647;
			files = (
				1234343E2C6EAF88000C665C /* Preview Assets.xcassets in Resources */,
				1234343B2C6EAF88000C665C /* Assets.xcassets in Resources */,
			);
			runOnlyForDeploymentPostprocessing = 0;
		};
		123434412C6EAF88000C665C /* Resources */ = {
			isa = PBXResourcesBuildPhase;
			buildActionMask = 2147483647;
			files = (
			);
			runOnlyForDeploymentPostprocessing = 0;
		};
		1234344B2C6EAF88000C665C /* Resources */ = {
			isa = PBXResourcesBuildPhase;
			buildActionMask = 2147483647;
			files = (
			);
			runOnlyForDeploymentPostprocessing = 0;
		};
/* End PBXResourcesBuildPhase section */

/* Begin PBXSourcesBuildPhase section */
		1234342F2C6EAF86000C665C /* Sources */ = {
			isa = PBXSourcesBuildPhase;
			buildActionMask = 2147483647;
			files = (
				123434392C6EAF86000C665C /* DessertListView.swift in Sources */,
				123434652C6EB0EA000C665C /* DessertViewModel.swift in Sources */,
				123434672C6EB12F000C665C /* DessertDetailView.swift in Sources */,
				123434632C6EB07D000C665C /* MealDetail.swift in Sources */,
				123434612C6EAFCF000C665C /* Meal.swift in Sources */,
				123434372C6EAF86000C665C /* FetchApp.swift in Sources */,
			);
			runOnlyForDeploymentPostprocessing = 0;
		};
		1234343F2C6EAF88000C665C /* Sources */ = {
			isa = PBXSourcesBuildPhase;
			buildActionMask = 2147483647;
			files = (
				123434482C6EAF88000C665C /* FetchTests.swift in Sources */,
			);
			runOnlyForDeploymentPostprocessing = 0;
		};
		123434492C6EAF88000C665C /* Sources */ = {
			isa = PBXSourcesBuildPhase;
			buildActionMask = 2147483647;
			files = (
				123434522C6EAF88000C665C /* FetchUITests.swift in Sources */,
				123434542C6EAF88000C665C /* FetchUITestsLaunchTests.swift in Sources */,
			);
			runOnlyForDeploymentPostprocessing = 0;
		};
/* End PBXSourcesBuildPhase section */

/* Begin PBXTargetDependency section */
		123434452C6EAF88000C665C /* PBXTargetDependency */ = {
			isa = PBXTargetDependency;
			target = 123434322C6EAF86000C665C /* Fetch */;
			targetProxy = 123434442C6EAF88000C665C /* PBXContainerItemProxy */;
		};
		1234344F2C6EAF88000C665C /* PBXTargetDependency */ = {
			isa = PBXTargetDependency;
			target = 123434322C6EAF86000C665C /* Fetch */;
			targetProxy = 1234344E2C6EAF88000C665C /* PBXContainerItemProxy */;
		};
/* End PBXTargetDependency section */

/* Begin XCBuildConfiguration section */
		123434552C6EAF88000C665C /* Debug */ = {
			isa = XCBuildConfiguration;
			buildSettings = {
				ALWAYS_SEARCH_USER_PATHS = NO;
				ASSETCATALOG_COMPILER_GENERATE_SWIFT_ASSET_SYMBOL_EXTENSIONS = YES;
				CLANG_ANALYZER_NONNULL = YES;
				CLANG_ANALYZER_NUMBER_OBJECT_CONVERSION = YES_AGGRESSIVE;
				CLANG_CXX_LANGUAGE_STANDARD = "gnu++20";
				CLANG_ENABLE_MODULES = YES;
				CLANG_ENABLE_OBJC_ARC = YES;
				CLANG_ENABLE_OBJC_WEAK = YES;
				CLANG_WARN_BLOCK_CAPTURE_AUTORELEASING = YES;
				CLANG_WARN_BOOL_CONVERSION = YES;
				CLANG_WARN_COMMA = YES;
				CLANG_WARN_CONSTANT_CONVERSION = YES;
				CLANG_WARN_DEPRECATED_OBJC_IMPLEMENTATIONS = YES;
				CLANG_WARN_DIRECT_OBJC_ISA_USAGE = YES_ERROR;
				CLANG_WARN_DOCUMENTATION_COMMENTS = YES;
				CLANG_WARN_EMPTY_BODY = YES;
				CLANG_WARN_ENUM_CONVERSION = YES;
				CLANG_WARN_INFINITE_RECURSION = YES;
				CLANG_WARN_INT_CONVERSION = YES;
				CLANG_WARN_NON_LITERAL_NULL_CONVERSION = YES;
				CLANG_WARN_OBJC_IMPLICIT_RETAIN_SELF = YES;
				CLANG_WARN_OBJC_LITERAL_CONVERSION = YES;
				CLANG_WARN_OBJC_ROOT_CLASS = YES_ERROR;
				CLANG_WARN_QUOTED_INCLUDE_IN_FRAMEWORK_HEADER = YES;
				CLANG_WARN_RANGE_LOOP_ANALYSIS = YES;
				CLANG_WARN_STRICT_PROTOTYPES = YES;
				CLANG_WARN_SUSPICIOUS_MOVE = YES;
				CLANG_WARN_UNGUARDED_AVAILABILITY = YES_AGGRESSIVE;
				CLANG_WARN_UNREACHABLE_CODE = YES;
				CLANG_WARN__DUPLICATE_METHOD_MATCH = YES;
				COPY_PHASE_STRIP = NO;
				DEBUG_INFORMATION_FORMAT = dwarf;
				ENABLE_STRICT_OBJC_MSGSEND = YES;
				ENABLE_TESTABILITY = YES;
				ENABLE_USER_SCRIPT_SANDBOXING = YES;
				GCC_C_LANGUAGE_STANDARD = gnu17;
				GCC_DYNAMIC_NO_PIC = NO;
				GCC_NO_COMMON_BLOCKS = YES;
				GCC_OPTIMIZATION_LEVEL = 0;
				GCC_PREPROCESSOR_DEFINITIONS = (
					"DEBUG=1",
					"$(inherited)",
				);
				GCC_WARN_64_TO_32_BIT_CONVERSION = YES;
				GCC_WARN_ABOUT_RETURN_TYPE = YES_ERROR;
				GCC_WARN_UNDECLARED_SELECTOR = YES;
				GCC_WARN_UNINITIALIZED_AUTOS = YES_AGGRESSIVE;
				GCC_WARN_UNUSED_FUNCTION = YES;
				GCC_WARN_UNUSED_VARIABLE = YES;
				IPHONEOS_DEPLOYMENT_TARGET = 17.5;
				LOCALIZATION_PREFERS_STRING_CATALOGS = YES;
				MTL_ENABLE_DEBUG_INFO = INCLUDE_SOURCE;
				MTL_FAST_MATH = YES;
				ONLY_ACTIVE_ARCH = YES;
				SDKROOT = iphoneos;
				SWIFT_ACTIVE_COMPILATION_CONDITIONS = "DEBUG $(inherited)";
				SWIFT_OPTIMIZATION_LEVEL = "-Onone";
			};
			name = Debug;
		};
		123434562C6EAF88000C665C /* Release */ = {
			isa = XCBuildConfiguration;
			buildSettings = {
				ALWAYS_SEARCH_USER_PATHS = NO;
				ASSETCATALOG_COMPILER_GENERATE_SWIFT_ASSET_SYMBOL_EXTENSIONS = YES;
				CLANG_ANALYZER_NONNULL = YES;
				CLANG_ANALYZER_NUMBER_OBJECT_CONVERSION = YES_AGGRESSIVE;
				CLANG_CXX_LANGUAGE_STANDARD = "gnu++20";
				CLANG_ENABLE_MODULES = YES;
				CLANG_ENABLE_OBJC_ARC = YES;
				CLANG_ENABLE_OBJC_WEAK = YES;
				CLANG_WARN_BLOCK_CAPTURE_AUTORELEASING = YES;
				CLANG_WARN_BOOL_CONVERSION = YES;
				CLANG_WARN_COMMA = YES;
				CLANG_WARN_CONSTANT_CONVERSION = YES;
				CLANG_WARN_DEPRECATED_OBJC_IMPLEMENTATIONS = YES;
				CLANG_WARN_DIRECT_OBJC_ISA_USAGE = YES_ERROR;
				CLANG_WARN_DOCUMENTATION_COMMENTS = YES;
				CLANG_WARN_EMPTY_BODY = YES;
				CLANG_WARN_ENUM_CONVERSION = YES;
				CLANG_WARN_INFINITE_RECURSION = YES;
				CLANG_WARN_INT_CONVERSION = YES;
				CLANG_WARN_NON_LITERAL_NULL_CONVERSION = YES;
				CLANG_WARN_OBJC_IMPLICIT_RETAIN_SELF = YES;
				CLANG_WARN_OBJC_LITERAL_CONVERSION = YES;
				CLANG_WARN_OBJC_ROOT_CLASS = YES_ERROR;
				CLANG_WARN_QUOTED_INCLUDE_IN_FRAMEWORK_HEADER = YES;
				CLANG_WARN_RANGE_LOOP_ANALYSIS = YES;
				CLANG_WARN_STRICT_PROTOTYPES = YES;
				CLANG_WARN_SUSPICIOUS_MOVE = YES;
				CLANG_WARN_UNGUARDED_AVAILABILITY = YES_AGGRESSIVE;
				CLANG_WARN_UNREACHABLE_CODE = YES;
				CLANG_WARN__DUPLICATE_METHOD_MATCH = YES;
				COPY_PHASE_STRIP = NO;
				DEBUG_INFORMATION_FORMAT = "dwarf-with-dsym";
				ENABLE_NS_ASSERTIONS = NO;
				ENABLE_STRICT_OBJC_MSGSEND = YES;
				ENABLE_USER_SCRIPT_SANDBOXING = YES;
				GCC_C_LANGUAGE_STANDARD = gnu17;
				GCC_NO_COMMON_BLOCKS = YES;
				GCC_WARN_64_TO_32_BIT_CONVERSION = YES;
				GCC_WARN_ABOUT_RETURN_TYPE = YES_ERROR;
				GCC_WARN_UNDECLARED_SELECTOR = YES;
				GCC_WARN_UNINITIALIZED_AUTOS = YES_AGGRESSIVE;
				GCC_WARN_UNUSED_FUNCTION = YES;
				GCC_WARN_UNUSED_VARIABLE = YES;
				IPHONEOS_DEPLOYMENT_TARGET = 17.5;
				LOCALIZATION_PREFERS_STRING_CATALOGS = YES;
				MTL_ENABLE_DEBUG_INFO = NO;
				MTL_FAST_MATH = YES;
				SDKROOT = iphoneos;
				SWIFT_COMPILATION_MODE = wholemodule;
				VALIDATE_PRODUCT = YES;
			};
			name = Release;
		};
		123434582C6EAF88000C665C /* Debug */ = {
			isa = XCBuildConfiguration;
			buildSettings = {
				ASSETCATALOG_COMPILER_APPICON_NAME = AppIcon;
				ASSETCATALOG_COMPILER_GLOBAL_ACCENT_COLOR_NAME = AccentColor;
				CODE_SIGN_STYLE = Automatic;
				CURRENT_PROJECT_VERSION = 1;
				DEVELOPMENT_ASSET_PATHS = "\"Fetch/Preview Content\"";
				ENABLE_PREVIEWS = YES;
				GENERATE_INFOPLIST_FILE = YES;
				INFOPLIST_KEY_UIApplicationSceneManifest_Generation = YES;
				INFOPLIST_KEY_UIApplicationSupportsIndirectInputEvents = YES;
				INFOPLIST_KEY_UILaunchScreen_Generation = YES;
				INFOPLIST_KEY_UISupportedInterfaceOrientations_iPad = "UIInterfaceOrientationPortrait UIInterfaceOrientationPortraitUpsideDown UIInterfaceOrientationLandscapeLeft UIInterfaceOrientationLandscapeRight";
				INFOPLIST_KEY_UISupportedInterfaceOrientations_iPhone = "UIInterfaceOrientationPortrait UIInterfaceOrientationLandscapeLeft UIInterfaceOrientationLandscapeRight";
				LD_RUNPATH_SEARCH_PATHS = (
					"$(inherited)",
					"@executable_path/Frameworks",
				);
				MARKETING_VERSION = 1.0;
				PRODUCT_BUNDLE_IDENTIFIER = dikan.Fetch;
				PRODUCT_NAME = "$(TARGET_NAME)";
				SWIFT_EMIT_LOC_STRINGS = YES;
				SWIFT_VERSION = 5.0;
				TARGETED_DEVICE_FAMILY = "1,2";
			};
			name = Debug;
		};
		123434592C6EAF88000C665C /* Release */ = {
			isa = XCBuildConfiguration;
			buildSettings = {
				ASSETCATALOG_COMPILER_APPICON_NAME = AppIcon;
				ASSETCATALOG_COMPILER_GLOBAL_ACCENT_COLOR_NAME = AccentColor;
				CODE_SIGN_STYLE = Automatic;
				CURRENT_PROJECT_VERSION = 1;
				DEVELOPMENT_ASSET_PATHS = "\"Fetch/Preview Content\"";
				ENABLE_PREVIEWS = YES;
				GENERATE_INFOPLIST_FILE = YES;
				INFOPLIST_KEY_UIApplicationSceneManifest_Generation = YES;
				INFOPLIST_KEY_UIApplicationSupportsIndirectInputEvents = YES;
				INFOPLIST_KEY_UILaunchScreen_Generation = YES;
				INFOPLIST_KEY_UISupportedInterfaceOrientations_iPad = "UIInterfaceOrientationPortrait UIInterfaceOrientationPortraitUpsideDown UIInterfaceOrientationLandscapeLeft UIInterfaceOrientationLandscapeRight";
				INFOPLIST_KEY_UISupportedInterfaceOrientations_iPhone = "UIInterfaceOrientationPortrait UIInterfaceOrientationLandscapeLeft UIInterfaceOrientationLandscapeRight";
				LD_RUNPATH_SEARCH_PATHS = (
					"$(inherited)",
					"@executable_path/Frameworks",
				);
				MARKETING_VERSION = 1.0;
				PRODUCT_BUNDLE_IDENTIFIER = dikan.Fetch;
				PRODUCT_NAME = "$(TARGET_NAME)";
				SWIFT_EMIT_LOC_STRINGS = YES;
				SWIFT_VERSION = 5.0;
				TARGETED_DEVICE_FAMILY = "1,2";
			};
			name = Release;
		};
		1234345B2C6EAF88000C665C /* Debug */ = {
			isa = XCBuildConfiguration;
			buildSettings = {
				ALWAYS_EMBED_SWIFT_STANDARD_LIBRARIES = YES;
				BUNDLE_LOADER = "$(TEST_HOST)";
				CODE_SIGN_STYLE = Automatic;
				CURRENT_PROJECT_VERSION = 1;
				GENERATE_INFOPLIST_FILE = YES;
				IPHONEOS_DEPLOYMENT_TARGET = 17.5;
				MARKETING_VERSION = 1.0;
				PRODUCT_BUNDLE_IDENTIFIER = dikan.FetchTests;
				PRODUCT_NAME = "$(TARGET_NAME)";
				SWIFT_EMIT_LOC_STRINGS = NO;
				SWIFT_VERSION = 5.0;
				TARGETED_DEVICE_FAMILY = "1,2";
				TEST_HOST = "$(BUILT_PRODUCTS_DIR)/Fetch.app/$(BUNDLE_EXECUTABLE_FOLDER_PATH)/Fetch";
			};
			name = Debug;
		};
		1234345C2C6EAF88000C665C /* Release */ = {
			isa = XCBuildConfiguration;
			buildSettings = {
				ALWAYS_EMBED_SWIFT_STANDARD_LIBRARIES = YES;
				BUNDLE_LOADER = "$(TEST_HOST)";
				CODE_SIGN_STYLE = Automatic;
				CURRENT_PROJECT_VERSION = 1;
				GENERATE_INFOPLIST_FILE = YES;
				IPHONEOS_DEPLOYMENT_TARGET = 17.5;
				MARKETING_VERSION = 1.0;
				PRODUCT_BUNDLE_IDENTIFIER = dikan.FetchTests;
				PRODUCT_NAME = "$(TARGET_NAME)";
				SWIFT_EMIT_LOC_STRINGS = NO;
				SWIFT_VERSION = 5.0;
				TARGETED_DEVICE_FAMILY = "1,2";
				TEST_HOST = "$(BUILT_PRODUCTS_DIR)/Fetch.app/$(BUNDLE_EXECUTABLE_FOLDER_PATH)/Fetch";
			};
			name = Release;
		};
		1234345E2C6EAF88000C665C /* Debug */ = {
			isa = XCBuildConfiguration;
			buildSettings = {
				ALWAYS_EMBED_SWIFT_STANDARD_LIBRARIES = YES;
				CODE_SIGN_STYLE = Automatic;
				CURRENT_PROJECT_VERSION = 1;
				GENERATE_INFOPLIST_FILE = YES;
				MARKETING_VERSION = 1.0;
				PRODUCT_BUNDLE_IDENTIFIER = dikan.FetchUITests;
				PRODUCT_NAME = "$(TARGET_NAME)";
				SWIFT_EMIT_LOC_STRINGS = NO;
				SWIFT_VERSION = 5.0;
				TARGETED_DEVICE_FAMILY = "1,2";
				TEST_TARGET_NAME = Fetch;
			};
			name = Debug;
		};
		1234345F2C6EAF88000C665C /* Release */ = {
			isa = XCBuildConfiguration;
			buildSettings = {
				ALWAYS_EMBED_SWIFT_STANDARD_LIBRARIES = YES;
				CODE_SIGN_STYLE = Automatic;
				CURRENT_PROJECT_VERSION = 1;
				GENERATE_INFOPLIST_FILE = YES;
				MARKETING_VERSION = 1.0;
				PRODUCT_BUNDLE_IDENTIFIER = dikan.FetchUITests;
				PRODUCT_NAME = "$(TARGET_NAME)";
				SWIFT_EMIT_LOC_STRINGS = NO;
				SWIFT_VERSION = 5.0;
				TARGETED_DEVICE_FAMILY = "1,2";
				TEST_TARGET_NAME = Fetch;
			};
			name = Release;
		};
/* End XCBuildConfiguration section */

/* Begin XCConfigurationList section */
		1234342E2C6EAF86000C665C /* Build configuration list for PBXProject "Fetch" */ = {
			isa = XCConfigurationList;
			buildConfigurations = (
				123434552C6EAF88000C665C /* Debug */,
				123434562C6EAF88000C665C /* Release */,
			);
			defaultConfigurationIsVisible = 0;
			defaultConfigurationName = Release;
		};
		123434572C6EAF88000C665C /* Build configuration list for PBXNativeTarget "Fetch" */ = {
			isa = XCConfigurationList;
			buildConfigurations = (
				123434582C6EAF88000C665C /* Debug */,
				123434592C6EAF88000C665C /* Release */,
			);
			defaultConfigurationIsVisible = 0;
			defaultConfigurationName = Release;
		};
		1234345A2C6EAF88000C665C /* Build configuration list for PBXNativeTarget "FetchTests" */ = {
			isa = XCConfigurationList;
			buildConfigurations = (
				1234345B2C6EAF88000C665C /* Debug */,
				1234345C2C6EAF88000C665C /* Release */,
			);
			defaultConfigurationIsVisible = 0;
			defaultConfigurationName = Release;
		};
		1234345D2C6EAF88000C665C /* Build configuration list for PBXNativeTarget "FetchUITests" */ = {
			isa = XCConfigurationList;
			buildConfigurations = (
				1234345E2C6EAF88000C665C /* Debug */,
				1234345F2C6EAF88000C665C /* Release */,
			);
			defaultConfigurationIsVisible = 0;
			defaultConfigurationName = Release;
		};
/* End XCConfigurationList section */
	};
	rootObject = 1234342B2C6EAF86000C665C /* Project object */;
}
